
Microsoft Visual Studio Solution File, Format Version 12.00
# Visual Studio Version 16
VisualStudioVersion = 16.0.31729.503
MinimumVisualStudioVersion = 10.0.40219.1
Project("{FAE04EC0-301F-11D3-BF4B-00C04F79EFBC}") = "ZD3", "ZD3\ZD3.csproj", "{5CA4C35A-4F63-452B-B23E-63238C333456}"
EndProject
Global
	GlobalSection(SolutionConfigurationPlatforms) = preSolution
		Debug|Any CPU = Debug|Any CPU
		Release|Any CPU = Release|Any CPU
	EndGlobalSection
	GlobalSection(ProjectConfigurationPlatforms) = postSolution
		{5CA4C35A-4F63-452B-B23E-63238C333456}.Debug|Any CPU.ActiveCfg = Debug|Any CPU
		{5CA4C35A-4F63-452B-B23E-63238C333456}.Debug|Any CPU.Build.0 = Debug|Any CPU
		{5CA4C35A-4F63-452B-B23E-63238C333456}.Release|Any CPU.ActiveCfg = Release|Any CPU
		{5CA4C35A-4F63-452B-B23E-63238C333456}.Release|Any CPU.Build.0 = Release|Any CPU
	EndGlobalSection
	GlobalSection(SolutionProperties) = preSolution
		HideSolutionNode = FALSE
	EndGlobalSection
	GlobalSection(ExtensibilityGlobals) = postSolution
		SolutionGuid = {4F64A068-E82D-4766-824E-4660426CDE7A}
	EndGlobalSection
EndGlobal
