
Microsoft Visual Studio Solution File, Format Version 12.00
# Visual Studio Version 16
VisualStudioVersion = 16.0.31624.102
MinimumVisualStudioVersion = 10.0.40219.1
Project("{FAE04EC0-301F-11D3-BF4B-00C04F79EFBC}") = "ConsoleApp2", "ConsoleApp2\ConsoleApp2.csproj", "{402616D1-1FD3-44EF-BA89-86F28F95593C}"
EndProject
Global
	GlobalSection(SolutionConfigurationPlatforms) = preSolution
		Debug|Any CPU = Debug|Any CPU
		Release|Any CPU = Release|Any CPU
	EndGlobalSection
	GlobalSection(ProjectConfigurationPlatforms) = postSolution
		{402616D1-1FD3-44EF-BA89-86F28F95593C}.Debug|Any CPU.ActiveCfg = Debug|Any CPU
		{402616D1-1FD3-44EF-BA89-86F28F95593C}.Debug|Any CPU.Build.0 = Debug|Any CPU
		{402616D1-1FD3-44EF-BA89-86F28F95593C}.Release|Any CPU.ActiveCfg = Release|Any CPU
		{402616D1-1FD3-44EF-BA89-86F28F95593C}.Release|Any CPU.Build.0 = Release|Any CPU
	EndGlobalSection
	GlobalSection(SolutionProperties) = preSolution
		HideSolutionNode = FALSE
	EndGlobalSection
	GlobalSection(ExtensibilityGlobals) = postSolution
		SolutionGuid = {091DE657-350F-422F-8FD2-1F747C2FCCD0}
	EndGlobalSection
EndGlobal
