
Microsoft Visual Studio Solution File, Format Version 12.00
# Visual Studio Version 16
VisualStudioVersion = 16.0.31729.503
MinimumVisualStudioVersion = 10.0.40219.1
Project("{FAE04EC0-301F-11D3-BF4B-00C04F79EFBC}") = "ZADANIE1", "ZADANIE1\ZADANIE1.csproj", "{48C8D5DF-35E2-452B-9356-2E310C24B98A}"
EndProject
Global
	GlobalSection(SolutionConfigurationPlatforms) = preSolution
		Debug|Any CPU = Debug|Any CPU
		Release|Any CPU = Release|Any CPU
	EndGlobalSection
	GlobalSection(ProjectConfigurationPlatforms) = postSolution
		{48C8D5DF-35E2-452B-9356-2E310C24B98A}.Debug|Any CPU.ActiveCfg = Debug|Any CPU
		{48C8D5DF-35E2-452B-9356-2E310C24B98A}.Debug|Any CPU.Build.0 = Debug|Any CPU
		{48C8D5DF-35E2-452B-9356-2E310C24B98A}.Release|Any CPU.ActiveCfg = Release|Any CPU
		{48C8D5DF-35E2-452B-9356-2E310C24B98A}.Release|Any CPU.Build.0 = Release|Any CPU
	EndGlobalSection
	GlobalSection(SolutionProperties) = preSolution
		HideSolutionNode = FALSE
	EndGlobalSection
	GlobalSection(ExtensibilityGlobals) = postSolution
		SolutionGuid = {04659E04-643B-431B-88F6-08CDD690051D}
	EndGlobalSection
EndGlobal
