
Microsoft Visual Studio Solution File, Format Version 12.00
# Visual Studio Version 16
VisualStudioVersion = 16.0.31729.503
MinimumVisualStudioVersion = 10.0.40219.1
Project("{FAE04EC0-301F-11D3-BF4B-00C04F79EFBC}") = "ZD1", "ZD1\ZD1.csproj", "{40DDF7E3-E6A3-4F51-A070-80CB77442643}"
EndProject
Global
	GlobalSection(SolutionConfigurationPlatforms) = preSolution
		Debug|Any CPU = Debug|Any CPU
		Release|Any CPU = Release|Any CPU
	EndGlobalSection
	GlobalSection(ProjectConfigurationPlatforms) = postSolution
		{40DDF7E3-E6A3-4F51-A070-80CB77442643}.Debug|Any CPU.ActiveCfg = Debug|Any CPU
		{40DDF7E3-E6A3-4F51-A070-80CB77442643}.Debug|Any CPU.Build.0 = Debug|Any CPU
		{40DDF7E3-E6A3-4F51-A070-80CB77442643}.Release|Any CPU.ActiveCfg = Release|Any CPU
		{40DDF7E3-E6A3-4F51-A070-80CB77442643}.Release|Any CPU.Build.0 = Release|Any CPU
	EndGlobalSection
	GlobalSection(SolutionProperties) = preSolution
		HideSolutionNode = FALSE
	EndGlobalSection
	GlobalSection(ExtensibilityGlobals) = postSolution
		SolutionGuid = {C6BC82E8-ADC6-4A23-B062-8EA1B3DDEED3}
	EndGlobalSection
EndGlobal
