
Microsoft Visual Studio Solution File, Format Version 12.00
# Visual Studio Version 16
VisualStudioVersion = 16.0.31729.503
MinimumVisualStudioVersion = 10.0.40219.1
Project("{FAE04EC0-301F-11D3-BF4B-00C04F79EFBC}") = "lab52", "lab52\lab52.csproj", "{09667B5B-DE93-467D-B249-2ADE16611146}"
EndProject
Global
	GlobalSection(SolutionConfigurationPlatforms) = preSolution
		Debug|Any CPU = Debug|Any CPU
		Release|Any CPU = Release|Any CPU
	EndGlobalSection
	GlobalSection(ProjectConfigurationPlatforms) = postSolution
		{09667B5B-DE93-467D-B249-2ADE16611146}.Debug|Any CPU.ActiveCfg = Debug|Any CPU
		{09667B5B-DE93-467D-B249-2ADE16611146}.Debug|Any CPU.Build.0 = Debug|Any CPU
		{09667B5B-DE93-467D-B249-2ADE16611146}.Release|Any CPU.ActiveCfg = Release|Any CPU
		{09667B5B-DE93-467D-B249-2ADE16611146}.Release|Any CPU.Build.0 = Release|Any CPU
	EndGlobalSection
	GlobalSection(SolutionProperties) = preSolution
		HideSolutionNode = FALSE
	EndGlobalSection
	GlobalSection(ExtensibilityGlobals) = postSolution
		SolutionGuid = {30C9FE73-6C5A-47F9-9FDF-E8013000BC3A}
	EndGlobalSection
EndGlobal
